
Microsoft Visual Studio Solution File, Format Version 12.00
# Visual Studio 15
VisualStudioVersion = 15.0.28010.2026
MinimumVisualStudioVersion = 10.0.40219.1
Project("{FAE04EC0-301F-11D3-BF4B-00C04F79EFBC}") = "Parking", "Parking\Parking.csproj", "{EF28BBA0-A24E-4EF5-84A2-E4E74355D1A1}"
EndProject
Global
	GlobalSection(SolutionConfigurationPlatforms) = preSolution
		Debug|Any CPU = Debug|Any CPU
		Release|Any CPU = Release|Any CPU
	EndGlobalSection
	GlobalSection(ProjectConfigurationPlatforms) = postSolution
		{EF28BBA0-A24E-4EF5-84A2-E4E74355D1A1}.Debug|Any CPU.ActiveCfg = Debug|Any CPU
		{EF28BBA0-A24E-4EF5-84A2-E4E74355D1A1}.Debug|Any CPU.Build.0 = Debug|Any CPU
		{EF28BBA0-A24E-4EF5-84A2-E4E74355D1A1}.Release|Any CPU.ActiveCfg = Release|Any CPU
		{EF28BBA0-A24E-4EF5-84A2-E4E74355D1A1}.Release|Any CPU.Build.0 = Release|Any CPU
	EndGlobalSection
	GlobalSection(SolutionProperties) = preSolution
		HideSolutionNode = FALSE
	EndGlobalSection
	GlobalSection(ExtensibilityGlobals) = postSolution
		SolutionGuid = {322BE3AC-CF30-46C9-B6D0-1A5203C8FBDB}
	EndGlobalSection
EndGlobal
