
Microsoft Visual Studio Solution File, Format Version 12.00
# Visual Studio 15
VisualStudioVersion = 15.0.28010.2026
MinimumVisualStudioVersion = 10.0.40219.1
Project("{FAE04EC0-301F-11D3-BF4B-00C04F79EFBC}") = "Aula10_Janelass", "Aula10_Janelass\Aula10_Janelass.csproj", "{2D0D8D10-8BDD-4028-B623-521FD35F40CB}"
EndProject
Global
	GlobalSection(SolutionConfigurationPlatforms) = preSolution
		Debug|x64 = Debug|x64
		Debug|x86 = Debug|x86
		Release|x64 = Release|x64
		Release|x86 = Release|x86
	EndGlobalSection
	GlobalSection(ProjectConfigurationPlatforms) = postSolution
		{2D0D8D10-8BDD-4028-B623-521FD35F40CB}.Debug|x64.ActiveCfg = Debug|x64
		{2D0D8D10-8BDD-4028-B623-521FD35F40CB}.Debug|x64.Build.0 = Debug|x64
		{2D0D8D10-8BDD-4028-B623-521FD35F40CB}.Debug|x86.ActiveCfg = Debug|x86
		{2D0D8D10-8BDD-4028-B623-521FD35F40CB}.Debug|x86.Build.0 = Debug|x86
		{2D0D8D10-8BDD-4028-B623-521FD35F40CB}.Release|x64.ActiveCfg = Release|x64
		{2D0D8D10-8BDD-4028-B623-521FD35F40CB}.Release|x64.Build.0 = Release|x64
		{2D0D8D10-8BDD-4028-B623-521FD35F40CB}.Release|x86.ActiveCfg = Release|x86
		{2D0D8D10-8BDD-4028-B623-521FD35F40CB}.Release|x86.Build.0 = Release|x86
	EndGlobalSection
	GlobalSection(SolutionProperties) = preSolution
		HideSolutionNode = FALSE
	EndGlobalSection
	GlobalSection(ExtensibilityGlobals) = postSolution
		SolutionGuid = {0885E19D-275D-41F9-8526-644EF7068AB9}
	EndGlobalSection
EndGlobal
