
Microsoft Visual Studio Solution File, Format Version 11.00
# Visual Studio 2010
Project("{FAE04EC0-301F-11D3-BF4B-00C04F79EFBC}") = "Aula4_condicao", "Aula4_condicao\Aula4_condicao.csproj", "{996C067F-9078-4A83-8B9F-B78536AA286E}"
EndProject
Global
	GlobalSection(SolutionConfigurationPlatforms) = preSolution
		Debug|x86 = Debug|x86
		Release|x86 = Release|x86
	EndGlobalSection
	GlobalSection(ProjectConfigurationPlatforms) = postSolution
		{996C067F-9078-4A83-8B9F-B78536AA286E}.Debug|x86.ActiveCfg = Debug|x86
		{996C067F-9078-4A83-8B9F-B78536AA286E}.Debug|x86.Build.0 = Debug|x86
		{996C067F-9078-4A83-8B9F-B78536AA286E}.Release|x86.ActiveCfg = Release|x86
		{996C067F-9078-4A83-8B9F-B78536AA286E}.Release|x86.Build.0 = Release|x86
	EndGlobalSection
	GlobalSection(SolutionProperties) = preSolution
		HideSolutionNode = FALSE
	EndGlobalSection
EndGlobal
